<?xml version="1.0" encoding="utf-8"?>
<Project ToolsVersion="4.0" xmlns="http://schemas.microsoft.com/developer/msbuild/2003">
  <ItemGroup>
    <Filter Include="Fichiers sources">
      <UniqueIdentifier>{4FC737F1-C7A5-4376-A066-2A32D752A2FF}</UniqueIdentifier>
      <Extensions>cpp;c;cc;cxx;c++;cppm;ixx;def;odl;idl;hpj;bat;asm;asmx</Extensions>
    </Filter>
    <Filter Include="Fichiers d%27en-tête">
      <UniqueIdentifier>{93995380-89BD-4b04-88EB-625FBE52EBFB}</UniqueIdentifier>
      <Extensions>h;hh;hpp;hxx;h++;hm;inl;inc;ipp;xsd</Extensions>
    </Filter>
    <Filter Include="Fichiers de ressources">
      <UniqueIdentifier>{67DA6AB6-F800-4c08-8B7A-83BB121AAD01}</UniqueIdentifier>
      <Extensions>rc;ico;cur;bmp;dlg;rc2;rct;bin;rgs;gif;jpg;jpeg;jpe;resx;tiff;tif;png;wav;mfcribbon-ms</Extensions>
    </Filter>
    <Filter Include="Fichiers d%27en-tête\component">
      <UniqueIdentifier>{fac630e3-ec73-4c28-9e8f-30b1b81be0d5}</UniqueIdentifier>
    </Filter>
    <Filter Include="Fichiers d%27en-tête\entity">
      <UniqueIdentifier>{3a24c985-be43-4872-9cbc-adf57cef3318}</UniqueIdentifier>
    </Filter>
    <Filter Include="Fichiers d%27en-tête\util">
      <UniqueIdentifier>{152fd8ae-406c-4577-adef-97567a3d6cdc}</UniqueIdentifier>
    </Filter>
    <Filter Include="Fichiers d%27en-tête\math">
      <UniqueIdentifier>{15ab9961-da69-4eea-b6a2-9f490461394b}</UniqueIdentifier>
    </Filter>
    <Filter Include="Fichiers sources\entity">
      <UniqueIdentifier>{032419f4-192a-4a24-a1a1-4c3f19f4b64a}</UniqueIdentifier>
    </Filter>
    <Filter Include="Fichiers sources\component">
      <UniqueIdentifier>{42daea56-cb60-45b8-a2b4-03c68c9bb688}</UniqueIdentifier>
    </Filter>
    <Filter Include="Fichiers sources\math">
      <UniqueIdentifier>{c8f2a34a-9852-4c2d-b001-cb7125f0dc99}</UniqueIdentifier>
    </Filter>
    <Filter Include="Fichiers d%27en-tête\quadtree">
      <UniqueIdentifier>{7956838d-018e-4a4c-a7d9-396da3714cca}</UniqueIdentifier>
    </Filter>
    <Filter Include="Fichiers sources\quadtree">
      <UniqueIdentifier>{270a158b-2f38-443c-beaf-793a70b2e15d}</UniqueIdentifier>
    </Filter>
    <Filter Include="Fichiers d%27en-tête\debug">
      <UniqueIdentifier>{a33d1f7f-b9ad-47fd-9db1-88224860a5c9}</UniqueIdentifier>
    </Filter>
    <Filter Include="Fichiers sources\util">
      <UniqueIdentifier>{aa61c3e0-057d-49aa-8172-5a975883190e}</UniqueIdentifier>
    </Filter>
    <Filter Include="Fichiers sources\physic">
      <UniqueIdentifier>{bd93e776-3c9e-404b-ae4a-0d4c1ab3e40e}</UniqueIdentifier>
    </Filter>
    <Filter Include="Fichiers d%27en-tête\physic">
      <UniqueIdentifier>{cd6bc469-2144-485d-beb3-fdd943897aef}</UniqueIdentifier>
    </Filter>
    <Filter Include="Fichiers d%27en-tête\physic\data">
      <UniqueIdentifier>{45237846-8b75-440f-aefe-03e275b14b11}</UniqueIdentifier>
    </Filter>
    <Filter Include="Fichiers sources\debug">
      <UniqueIdentifier>{58558556-fd66-4c76-a4e5-ef2de2ddd6a9}</UniqueIdentifier>
    </Filter>
  </ItemGroup>
  <ItemGroup>
    <ClCompile Include="src\Main.cpp">
      <Filter>Fichiers sources</Filter>
    </ClCompile>
    <ClCompile Include="src\Sandbox.cpp">
      <Filter>Fichiers sources</Filter>
    </ClCompile>
    <ClCompile Include="src\Component\Component.cpp">
      <Filter>Fichiers sources\component</Filter>
    </ClCompile>
    <ClCompile Include="src\Component\GravityComponent.cpp">
      <Filter>Fichiers sources\component</Filter>
    </ClCompile>
    <ClCompile Include="src\Component\RigidbodyComponent.cpp">
      <Filter>Fichiers sources\component</Filter>
    </ClCompile>
    <ClCompile Include="src\Entity\Entity.cpp">
      <Filter>Fichiers sources\entity</Filter>
    </ClCompile>
    <ClCompile Include="src\Math\Vector2.cpp">
      <Filter>Fichiers sources\math</Filter>
    </ClCompile>
    <ClCompile Include="src\Entity\Circle.cpp">
      <Filter>Fichiers sources\entity</Filter>
    </ClCompile>
    <ClCompile Include="src\Quadtree\AABB.cpp">
      <Filter>Fichiers sources\quadtree</Filter>
    </ClCompile>
    <ClCompile Include="src\Physic\Collision.cpp">
      <Filter>Fichiers sources\physic</Filter>
    </ClCompile>
    <ClCompile Include="src\Physic\CollisionManager.cpp">
      <Filter>Fichiers sources\physic</Filter>
    </ClCompile>
    <ClCompile Include="src\Physic\CollisionResolver.cpp">
      <Filter>Fichiers sources\physic</Filter>
    </ClCompile>
    <ClCompile Include="src\Math\Matrix22.cpp">
      <Filter>Fichiers sources\math</Filter>
    </ClCompile>
    <ClCompile Include="src\Util\Render.cpp">
      <Filter>Fichiers sources\util</Filter>
    </ClCompile>
    <ClCompile Include="src\Math\MathIE.cpp">
      <Filter>Fichiers sources\math</Filter>
    </ClCompile>
    <ClCompile Include="src\Entity\Polygon.cpp">
      <Filter>Fichiers sources\entity</Filter>
    </ClCompile>
    <ClCompile Include="src\Debug\DebugMode.cpp">
      <Filter>Fichiers sources\debug</Filter>
    </ClCompile>
    <ClCompile Include="src\Math\Raycast.cpp">
      <Filter>Fichiers sources\math</Filter>
    </ClCompile>
    <ClCompile Include="src\Debug\ScopedProfiler.cpp">
      <Filter>Fichiers sources\debug</Filter>
    </ClCompile>
  </ItemGroup>
  <ItemGroup>
    <ClInclude Include="src\Sandbox.h">
      <Filter>Fichiers d%27en-tête</Filter>
    </ClInclude>
    <ClInclude Include="src\Component\Component.h">
      <Filter>Fichiers d%27en-tête\component</Filter>
    </ClInclude>
    <ClInclude Include="src\Component\GravityComponent.h">
      <Filter>Fichiers d%27en-tête\component</Filter>
    </ClInclude>
    <ClInclude Include="src\Component\RigidbodyComponent.h">
      <Filter>Fichiers d%27en-tête\component</Filter>
    </ClInclude>
    <ClInclude Include="src\Entity\Entity.h">
      <Filter>Fichiers d%27en-tête\entity</Filter>
    </ClInclude>
    <ClInclude Include="src\Util\Render.h">
      <Filter>Fichiers d%27en-tête\util</Filter>
    </ClInclude>
    <ClInclude Include="src\Math\Vector2.h">
      <Filter>Fichiers d%27en-tête\math</Filter>
    </ClInclude>
    <ClInclude Include="src\Entity\Circle.h">
      <Filter>Fichiers d%27en-tête\entity</Filter>
    </ClInclude>
    <ClInclude Include="src\Quadtree\AABBObject.h">
      <Filter>Fichiers d%27en-tête\quadtree</Filter>
    </ClInclude>
    <ClInclude Include="src\Quadtree\QuadTree.h">
      <Filter>Fichiers d%27en-tête\quadtree</Filter>
    </ClInclude>
    <ClInclude Include="src\Quadtree\AABB.h">
      <Filter>Fichiers d%27en-tête\quadtree</Filter>
    </ClInclude>
    <ClInclude Include="src\Precompiled.h">
      <Filter>Fichiers d%27en-tête</Filter>
    </ClInclude>
    <ClInclude Include="src\Debug\DebugMode.h">
      <Filter>Fichiers d%27en-tête\debug</Filter>
    </ClInclude>
    <ClInclude Include="src\Physic\Collision.h">
      <Filter>Fichiers d%27en-tête\physic</Filter>
    </ClInclude>
    <ClInclude Include="src\Physic\CollisionManager.h">
      <Filter>Fichiers d%27en-tête\physic</Filter>
    </ClInclude>
    <ClInclude Include="src\Physic\CollisionResolver.h">
      <Filter>Fichiers d%27en-tête\physic</Filter>
    </ClInclude>
    <ClInclude Include="src\Util\Pair.h">
      <Filter>Fichiers d%27en-tête\util</Filter>
    </ClInclude>
    <ClInclude Include="src\Math\Matrix22.h">
      <Filter>Fichiers d%27en-tête\math</Filter>
    </ClInclude>
    <ClInclude Include="src\Math\MathIE.h">
      <Filter>Fichiers d%27en-tête\math</Filter>
    </ClInclude>
    <ClInclude Include="src\Physic\Data\FrictionData.h">
      <Filter>Fichiers d%27en-tête\physic\data</Filter>
    </ClInclude>
    <ClInclude Include="src\Physic\Data\MassData.h">
      <Filter>Fichiers d%27en-tête\physic\data</Filter>
    </ClInclude>
    <ClInclude Include="src\Physic\Data\MaterialData.h">
      <Filter>Fichiers d%27en-tête\physic\data</Filter>
    </ClInclude>
    <ClInclude Include="src\Entity\Polygon.h">
      <Filter>Fichiers d%27en-tête\entity</Filter>
    </ClInclude>
    <ClInclude Include="src\Math\Raycast.h">
      <Filter>Fichiers d%27en-tête\math</Filter>
    </ClInclude>
    <ClInclude Include="src\Debug\ScopedProfiler.h">
      <Filter>Fichiers d%27en-tête\debug</Filter>
    </ClInclude>
  </ItemGroup>
</Project>